
Microsoft Visual Studio Solution File, Format Version 12.00
# Visual Studio Version 17
VisualStudioVersion = 17.1.32210.238
MinimumVisualStudioVersion = 10.0.40219.1
Project("{9A19103F-16F7-4668-BE54-9A1E7A4F7556}") = "R1StatsModel", "R1StatsModel\R1StatsModel.csproj", "{92C73B46-6821-4AA7-ACA3-454F0CD86424}"
EndProject
Project("{9A19103F-16F7-4668-BE54-9A1E7A4F7556}") = "Importer", "Importer\Importer.csproj", "{C7AEF69A-C53C-43E1-AB45-5E1E4A78366E}"
EndProject
Project("{9A19103F-16F7-4668-BE54-9A1E7A4F7556}") = "R1StatsMud", "R1StatsMud\R1StatsMud.csproj", "{C7418EDC-88D3-4139-8FBA-EFDC5476482B}"
EndProject
Global
	GlobalSection(SolutionConfigurationPlatforms) = preSolution
		Debug|Any CPU = Debug|Any CPU
		Release|Any CPU = Release|Any CPU
	EndGlobalSection
	GlobalSection(ProjectConfigurationPlatforms) = postSolution
		{92C73B46-6821-4AA7-ACA3-454F0CD86424}.Debug|Any CPU.ActiveCfg = Debug|Any CPU
		{92C73B46-6821-4AA7-ACA3-454F0CD86424}.Debug|Any CPU.Build.0 = Debug|Any CPU
		{92C73B46-6821-4AA7-ACA3-454F0CD86424}.Release|Any CPU.ActiveCfg = Release|Any CPU
		{92C73B46-6821-4AA7-ACA3-454F0CD86424}.Release|Any CPU.Build.0 = Release|Any CPU
		{C7AEF69A-C53C-43E1-AB45-5E1E4A78366E}.Debug|Any CPU.ActiveCfg = Debug|Any CPU
		{C7AEF69A-C53C-43E1-AB45-5E1E4A78366E}.Debug|Any CPU.Build.0 = Debug|Any CPU
		{C7AEF69A-C53C-43E1-AB45-5E1E4A78366E}.Release|Any CPU.ActiveCfg = Release|Any CPU
		{C7AEF69A-C53C-43E1-AB45-5E1E4A78366E}.Release|Any CPU.Build.0 = Release|Any CPU
		{C7418EDC-88D3-4139-8FBA-EFDC5476482B}.Debug|Any CPU.ActiveCfg = Debug|Any CPU
		{C7418EDC-88D3-4139-8FBA-EFDC5476482B}.Debug|Any CPU.Build.0 = Debug|Any CPU
		{C7418EDC-88D3-4139-8FBA-EFDC5476482B}.Release|Any CPU.ActiveCfg = Release|Any CPU
		{C7418EDC-88D3-4139-8FBA-EFDC5476482B}.Release|Any CPU.Build.0 = Release|Any CPU
	EndGlobalSection
	GlobalSection(SolutionProperties) = preSolution
		HideSolutionNode = FALSE
	EndGlobalSection
	GlobalSection(ExtensibilityGlobals) = postSolution
		SolutionGuid = {D8AAA4D8-29C7-4591-B027-15BD4C415534}
	EndGlobalSection
EndGlobal
